
Microsoft Visual Studio Solution File, Format Version 12.00
# Visual Studio Version 16
VisualStudioVersion = 16.0.30114.105
MinimumVisualStudioVersion = 10.0.40219.1
Project("{FAE04EC0-301F-11D3-BF4B-00C04F79EFBC}") = "AOC2020.Day6", "AOC2020.Day6\AOC2020.Day6.csproj", "{393D8B87-BE08-49E0-B5A6-9F0042A2BD8D}"
EndProject
Project("{FAE04EC0-301F-11D3-BF4B-00C04F79EFBC}") = "Day7", "Day7\Day7.csproj", "{3C7CEF7E-934E-4A35-9E95-AAC3F83E0D62}"
EndProject
Project("{FAE04EC0-301F-11D3-BF4B-00C04F79EFBC}") = "Day8", "Day8\Day8.csproj", "{E0AFB6E0-EC5C-41B3-B1D3-645D5A38227A}"
EndProject
Project("{FAE04EC0-301F-11D3-BF4B-00C04F79EFBC}") = "Day9", "Day9\Day9.csproj", "{6C61850B-29C6-4503-86FA-C2319F416C72}"
EndProject
Project("{FAE04EC0-301F-11D3-BF4B-00C04F79EFBC}") = "Day10", "Day10\Day10.csproj", "{80A408C8-D631-4EFB-B5A1-ED95754FB55E}"
EndProject
Project("{FAE04EC0-301F-11D3-BF4B-00C04F79EFBC}") = "Day11", "Day11\Day11.csproj", "{B4F28755-6305-4CE5-A13B-631579E12C1F}"
EndProject
Global
	GlobalSection(SolutionConfigurationPlatforms) = preSolution
		Debug|Any CPU = Debug|Any CPU
		Release|Any CPU = Release|Any CPU
	EndGlobalSection
	GlobalSection(ProjectConfigurationPlatforms) = postSolution
		{393D8B87-BE08-49E0-B5A6-9F0042A2BD8D}.Debug|Any CPU.ActiveCfg = Debug|Any CPU
		{393D8B87-BE08-49E0-B5A6-9F0042A2BD8D}.Debug|Any CPU.Build.0 = Debug|Any CPU
		{393D8B87-BE08-49E0-B5A6-9F0042A2BD8D}.Release|Any CPU.ActiveCfg = Release|Any CPU
		{393D8B87-BE08-49E0-B5A6-9F0042A2BD8D}.Release|Any CPU.Build.0 = Release|Any CPU
		{3C7CEF7E-934E-4A35-9E95-AAC3F83E0D62}.Debug|Any CPU.ActiveCfg = Debug|Any CPU
		{3C7CEF7E-934E-4A35-9E95-AAC3F83E0D62}.Debug|Any CPU.Build.0 = Debug|Any CPU
		{3C7CEF7E-934E-4A35-9E95-AAC3F83E0D62}.Release|Any CPU.ActiveCfg = Release|Any CPU
		{3C7CEF7E-934E-4A35-9E95-AAC3F83E0D62}.Release|Any CPU.Build.0 = Release|Any CPU
		{E0AFB6E0-EC5C-41B3-B1D3-645D5A38227A}.Debug|Any CPU.ActiveCfg = Debug|Any CPU
		{E0AFB6E0-EC5C-41B3-B1D3-645D5A38227A}.Debug|Any CPU.Build.0 = Debug|Any CPU
		{E0AFB6E0-EC5C-41B3-B1D3-645D5A38227A}.Release|Any CPU.ActiveCfg = Release|Any CPU
		{E0AFB6E0-EC5C-41B3-B1D3-645D5A38227A}.Release|Any CPU.Build.0 = Release|Any CPU
		{6C61850B-29C6-4503-86FA-C2319F416C72}.Debug|Any CPU.ActiveCfg = Debug|Any CPU
		{6C61850B-29C6-4503-86FA-C2319F416C72}.Debug|Any CPU.Build.0 = Debug|Any CPU
		{6C61850B-29C6-4503-86FA-C2319F416C72}.Release|Any CPU.ActiveCfg = Release|Any CPU
		{6C61850B-29C6-4503-86FA-C2319F416C72}.Release|Any CPU.Build.0 = Release|Any CPU
		{80A408C8-D631-4EFB-B5A1-ED95754FB55E}.Debug|Any CPU.ActiveCfg = Debug|Any CPU
		{80A408C8-D631-4EFB-B5A1-ED95754FB55E}.Debug|Any CPU.Build.0 = Debug|Any CPU
		{80A408C8-D631-4EFB-B5A1-ED95754FB55E}.Release|Any CPU.ActiveCfg = Release|Any CPU
		{80A408C8-D631-4EFB-B5A1-ED95754FB55E}.Release|Any CPU.Build.0 = Release|Any CPU
		{B4F28755-6305-4CE5-A13B-631579E12C1F}.Debug|Any CPU.ActiveCfg = Debug|Any CPU
		{B4F28755-6305-4CE5-A13B-631579E12C1F}.Debug|Any CPU.Build.0 = Debug|Any CPU
		{B4F28755-6305-4CE5-A13B-631579E12C1F}.Release|Any CPU.ActiveCfg = Release|Any CPU
		{B4F28755-6305-4CE5-A13B-631579E12C1F}.Release|Any CPU.Build.0 = Release|Any CPU
	EndGlobalSection
	GlobalSection(SolutionProperties) = preSolution
		HideSolutionNode = FALSE
	EndGlobalSection
	GlobalSection(ExtensibilityGlobals) = postSolution
		SolutionGuid = {FA496D6A-BF82-4FE2-9376-F377AC01122F}
	EndGlobalSection
EndGlobal
